{
  "requires": true,
  "lockfileVersion": 1,
  "dependencies": {
    "jweixin-module": {
      "version": "1.4.1",
      "resolved": "https://registry.npmjs.org/jweixin-module/-/jweixin-module-1.4.1.tgz",
      "integrity": "sha512-2R2oa1lYhAsclfjKSf3DP4ZiP1dcrQUbM7aklbeJA+UAg/LS7MqoA6UbTy1cs4sbB34z62K4bKW0Z9iazD8ejg=="
    },
    "tki-qrcode": {
      "version": "0.1.5",
      "resolved": "https://registry.npm.taobao.org/tki-qrcode/download/tki-qrcode-0.1.5.tgz",
      "integrity": "sha1-tpmu743W3cLgnKIScLNREigj+ow="
    }
  }
}
